
Microsoft Visual Studio Solution File, Format Version 12.00
# Visual Studio Version 16
VisualStudioVersion = 16.0.30711.63
MinimumVisualStudioVersion = 10.0.40219.1
Project("{FAE04EC0-301F-11D3-BF4B-00C04F79EFBC}") = "WpfApp1", "WpfApp1\WpfApp1.csproj", "{DF33755F-71A3-484C-8FAE-BA2AF3F4356C}"
EndProject
Project("{54435603-DBB4-11D2-8724-00A0C9A8B90C}") = "Setup1", "Setup1\Setup1.vdproj", "{664E1551-B870-4F7F-9908-FB10FFD6F89F}"
EndProject
Global
	GlobalSection(SolutionConfigurationPlatforms) = preSolution
		Debug|Any CPU = Debug|Any CPU
		Debug|x86 = Debug|x86
		Release|Any CPU = Release|Any CPU
		Release|x86 = Release|x86
	EndGlobalSection
	GlobalSection(ProjectConfigurationPlatforms) = postSolution
		{DF33755F-71A3-484C-8FAE-BA2AF3F4356C}.Debug|Any CPU.ActiveCfg = Debug|Any CPU
		{DF33755F-71A3-484C-8FAE-BA2AF3F4356C}.Debug|Any CPU.Build.0 = Debug|Any CPU
		{DF33755F-71A3-484C-8FAE-BA2AF3F4356C}.Debug|x86.ActiveCfg = Debug|x86
		{DF33755F-71A3-484C-8FAE-BA2AF3F4356C}.Debug|x86.Build.0 = Debug|x86
		{DF33755F-71A3-484C-8FAE-BA2AF3F4356C}.Release|Any CPU.ActiveCfg = Release|Any CPU
		{DF33755F-71A3-484C-8FAE-BA2AF3F4356C}.Release|Any CPU.Build.0 = Release|Any CPU
		{DF33755F-71A3-484C-8FAE-BA2AF3F4356C}.Release|x86.ActiveCfg = Release|x86
		{DF33755F-71A3-484C-8FAE-BA2AF3F4356C}.Release|x86.Build.0 = Release|x86
		{664E1551-B870-4F7F-9908-FB10FFD6F89F}.Debug|Any CPU.ActiveCfg = Debug
		{664E1551-B870-4F7F-9908-FB10FFD6F89F}.Debug|x86.ActiveCfg = Debug
		{664E1551-B870-4F7F-9908-FB10FFD6F89F}.Release|Any CPU.ActiveCfg = Release
		{664E1551-B870-4F7F-9908-FB10FFD6F89F}.Release|x86.ActiveCfg = Release
	EndGlobalSection
	GlobalSection(SolutionProperties) = preSolution
		HideSolutionNode = FALSE
	EndGlobalSection
	GlobalSection(ExtensibilityGlobals) = postSolution
		SolutionGuid = {E29F8D78-8E9D-4F88-B269-27A51B179585}
	EndGlobalSection
EndGlobal
